
Microsoft Visual Studio Solution File, Format Version 12.00
# Visual Studio Version 17
VisualStudioVersion = 17.3.32922.545
MinimumVisualStudioVersion = 10.0.40219.1
Project("{FAE04EC0-301F-11D3-BF4B-00C04F79EFBC}") = "RasterStudio", "RasterStudio\RasterStudio.csproj", "{42363FC6-E80E-4E9E-9E5A-1034254CA1EE}"
EndProject
Project("{FAE04EC0-301F-11D3-BF4B-00C04F79EFBC}") = "SamuelBlanchard.Xaml.Controls.SlateView", "..\..\..\..\Sam\Dev\UWP\Labo\SamuelBlanchard.Xaml.Controls.Samples.SlateView\SamuelBlanchard.Xaml.Controls.SlateView\SamuelBlanchard.Xaml.Controls.SlateView.csproj", "{2812329C-8DE6-41A0-9D7B-2A92817EF67A}"
EndProject
Project("{9A19103F-16F7-4668-BE54-9A1E7A4F7556}") = "Atari.Images", "..\..\..\..\Sam\Emulator\Atari\Disk\HardDrive2\Dev\Tools\Scroll\ImageScrollGenerator\Atari.Images\Atari.Images.csproj", "{61578AAC-1EB9-4400-8861-833A67E5CE2A}"
EndProject
Global
	GlobalSection(SolutionConfigurationPlatforms) = preSolution
		Debug|Any CPU = Debug|Any CPU
		Debug|ARM = Debug|ARM
		Debug|ARM64 = Debug|ARM64
		Debug|x64 = Debug|x64
		Debug|x86 = Debug|x86
		Release|Any CPU = Release|Any CPU
		Release|ARM = Release|ARM
		Release|ARM64 = Release|ARM64
		Release|x64 = Release|x64
		Release|x86 = Release|x86
	EndGlobalSection
	GlobalSection(ProjectConfigurationPlatforms) = postSolution
		{42363FC6-E80E-4E9E-9E5A-1034254CA1EE}.Debug|Any CPU.ActiveCfg = Debug|x64
		{42363FC6-E80E-4E9E-9E5A-1034254CA1EE}.Debug|Any CPU.Build.0 = Debug|x64
		{42363FC6-E80E-4E9E-9E5A-1034254CA1EE}.Debug|Any CPU.Deploy.0 = Debug|x64
		{42363FC6-E80E-4E9E-9E5A-1034254CA1EE}.Debug|ARM.ActiveCfg = Debug|ARM
		{42363FC6-E80E-4E9E-9E5A-1034254CA1EE}.Debug|ARM.Build.0 = Debug|ARM
		{42363FC6-E80E-4E9E-9E5A-1034254CA1EE}.Debug|ARM.Deploy.0 = Debug|ARM
		{42363FC6-E80E-4E9E-9E5A-1034254CA1EE}.Debug|ARM64.ActiveCfg = Debug|ARM64
		{42363FC6-E80E-4E9E-9E5A-1034254CA1EE}.Debug|ARM64.Build.0 = Debug|ARM64
		{42363FC6-E80E-4E9E-9E5A-1034254CA1EE}.Debug|ARM64.Deploy.0 = Debug|ARM64
		{42363FC6-E80E-4E9E-9E5A-1034254CA1EE}.Debug|x64.ActiveCfg = Debug|x64
		{42363FC6-E80E-4E9E-9E5A-1034254CA1EE}.Debug|x64.Build.0 = Debug|x64
		{42363FC6-E80E-4E9E-9E5A-1034254CA1EE}.Debug|x64.Deploy.0 = Debug|x64
		{42363FC6-E80E-4E9E-9E5A-1034254CA1EE}.Debug|x86.ActiveCfg = Debug|x86
		{42363FC6-E80E-4E9E-9E5A-1034254CA1EE}.Debug|x86.Build.0 = Debug|x86
		{42363FC6-E80E-4E9E-9E5A-1034254CA1EE}.Debug|x86.Deploy.0 = Debug|x86
		{42363FC6-E80E-4E9E-9E5A-1034254CA1EE}.Release|Any CPU.ActiveCfg = Release|x64
		{42363FC6-E80E-4E9E-9E5A-1034254CA1EE}.Release|Any CPU.Build.0 = Release|x64
		{42363FC6-E80E-4E9E-9E5A-1034254CA1EE}.Release|Any CPU.Deploy.0 = Release|x64
		{42363FC6-E80E-4E9E-9E5A-1034254CA1EE}.Release|ARM.ActiveCfg = Release|ARM
		{42363FC6-E80E-4E9E-9E5A-1034254CA1EE}.Release|ARM.Build.0 = Release|ARM
		{42363FC6-E80E-4E9E-9E5A-1034254CA1EE}.Release|ARM.Deploy.0 = Release|ARM
		{42363FC6-E80E-4E9E-9E5A-1034254CA1EE}.Release|ARM64.ActiveCfg = Release|ARM64
		{42363FC6-E80E-4E9E-9E5A-1034254CA1EE}.Release|ARM64.Build.0 = Release|ARM64
		{42363FC6-E80E-4E9E-9E5A-1034254CA1EE}.Release|ARM64.Deploy.0 = Release|ARM64
		{42363FC6-E80E-4E9E-9E5A-1034254CA1EE}.Release|x64.ActiveCfg = Release|x64
		{42363FC6-E80E-4E9E-9E5A-1034254CA1EE}.Release|x64.Build.0 = Release|x64
		{42363FC6-E80E-4E9E-9E5A-1034254CA1EE}.Release|x64.Deploy.0 = Release|x64
		{42363FC6-E80E-4E9E-9E5A-1034254CA1EE}.Release|x86.ActiveCfg = Release|x86
		{42363FC6-E80E-4E9E-9E5A-1034254CA1EE}.Release|x86.Build.0 = Release|x86
		{42363FC6-E80E-4E9E-9E5A-1034254CA1EE}.Release|x86.Deploy.0 = Release|x86
		{2812329C-8DE6-41A0-9D7B-2A92817EF67A}.Debug|Any CPU.ActiveCfg = Debug|Any CPU
		{2812329C-8DE6-41A0-9D7B-2A92817EF67A}.Debug|Any CPU.Build.0 = Debug|Any CPU
		{2812329C-8DE6-41A0-9D7B-2A92817EF67A}.Debug|ARM.ActiveCfg = Debug|ARM
		{2812329C-8DE6-41A0-9D7B-2A92817EF67A}.Debug|ARM.Build.0 = Debug|ARM
		{2812329C-8DE6-41A0-9D7B-2A92817EF67A}.Debug|ARM64.ActiveCfg = Debug|ARM64
		{2812329C-8DE6-41A0-9D7B-2A92817EF67A}.Debug|ARM64.Build.0 = Debug|ARM64
		{2812329C-8DE6-41A0-9D7B-2A92817EF67A}.Debug|x64.ActiveCfg = Debug|x64
		{2812329C-8DE6-41A0-9D7B-2A92817EF67A}.Debug|x64.Build.0 = Debug|x64
		{2812329C-8DE6-41A0-9D7B-2A92817EF67A}.Debug|x86.ActiveCfg = Debug|x86
		{2812329C-8DE6-41A0-9D7B-2A92817EF67A}.Debug|x86.Build.0 = Debug|x86
		{2812329C-8DE6-41A0-9D7B-2A92817EF67A}.Release|Any CPU.ActiveCfg = Release|Any CPU
		{2812329C-8DE6-41A0-9D7B-2A92817EF67A}.Release|Any CPU.Build.0 = Release|Any CPU
		{2812329C-8DE6-41A0-9D7B-2A92817EF67A}.Release|ARM.ActiveCfg = Release|ARM
		{2812329C-8DE6-41A0-9D7B-2A92817EF67A}.Release|ARM.Build.0 = Release|ARM
		{2812329C-8DE6-41A0-9D7B-2A92817EF67A}.Release|ARM64.ActiveCfg = Release|ARM64
		{2812329C-8DE6-41A0-9D7B-2A92817EF67A}.Release|ARM64.Build.0 = Release|ARM64
		{2812329C-8DE6-41A0-9D7B-2A92817EF67A}.Release|x64.ActiveCfg = Release|x64
		{2812329C-8DE6-41A0-9D7B-2A92817EF67A}.Release|x64.Build.0 = Release|x64
		{2812329C-8DE6-41A0-9D7B-2A92817EF67A}.Release|x86.ActiveCfg = Release|x86
		{2812329C-8DE6-41A0-9D7B-2A92817EF67A}.Release|x86.Build.0 = Release|x86
		{61578AAC-1EB9-4400-8861-833A67E5CE2A}.Debug|Any CPU.ActiveCfg = Debug|Any CPU
		{61578AAC-1EB9-4400-8861-833A67E5CE2A}.Debug|Any CPU.Build.0 = Debug|Any CPU
		{61578AAC-1EB9-4400-8861-833A67E5CE2A}.Debug|ARM.ActiveCfg = Debug|Any CPU
		{61578AAC-1EB9-4400-8861-833A67E5CE2A}.Debug|ARM.Build.0 = Debug|Any CPU
		{61578AAC-1EB9-4400-8861-833A67E5CE2A}.Debug|ARM64.ActiveCfg = Debug|Any CPU
		{61578AAC-1EB9-4400-8861-833A67E5CE2A}.Debug|ARM64.Build.0 = Debug|Any CPU
		{61578AAC-1EB9-4400-8861-833A67E5CE2A}.Debug|x64.ActiveCfg = Debug|Any CPU
		{61578AAC-1EB9-4400-8861-833A67E5CE2A}.Debug|x64.Build.0 = Debug|Any CPU
		{61578AAC-1EB9-4400-8861-833A67E5CE2A}.Debug|x86.ActiveCfg = Debug|Any CPU
		{61578AAC-1EB9-4400-8861-833A67E5CE2A}.Debug|x86.Build.0 = Debug|Any CPU
		{61578AAC-1EB9-4400-8861-833A67E5CE2A}.Release|Any CPU.ActiveCfg = Release|Any CPU
		{61578AAC-1EB9-4400-8861-833A67E5CE2A}.Release|Any CPU.Build.0 = Release|Any CPU
		{61578AAC-1EB9-4400-8861-833A67E5CE2A}.Release|ARM.ActiveCfg = Release|Any CPU
		{61578AAC-1EB9-4400-8861-833A67E5CE2A}.Release|ARM.Build.0 = Release|Any CPU
		{61578AAC-1EB9-4400-8861-833A67E5CE2A}.Release|ARM64.ActiveCfg = Release|Any CPU
		{61578AAC-1EB9-4400-8861-833A67E5CE2A}.Release|ARM64.Build.0 = Release|Any CPU
		{61578AAC-1EB9-4400-8861-833A67E5CE2A}.Release|x64.ActiveCfg = Release|Any CPU
		{61578AAC-1EB9-4400-8861-833A67E5CE2A}.Release|x64.Build.0 = Release|Any CPU
		{61578AAC-1EB9-4400-8861-833A67E5CE2A}.Release|x86.ActiveCfg = Release|Any CPU
		{61578AAC-1EB9-4400-8861-833A67E5CE2A}.Release|x86.Build.0 = Release|Any CPU
	EndGlobalSection
	GlobalSection(SolutionProperties) = preSolution
		HideSolutionNode = FALSE
	EndGlobalSection
	GlobalSection(ExtensibilityGlobals) = postSolution
		SolutionGuid = {2AD101EA-CCBD-4DAC-9E11-B92A92E359FD}
	EndGlobalSection
EndGlobal
